
Microsoft Visual Studio Solution File, Format Version 12.00
# Visual Studio Version 17
VisualStudioVersion = 17.11.35312.102
MinimumVisualStudioVersion = 10.0.40219.1
Project("{9A19103F-16F7-4668-BE54-9A1E7A4F7556}") = "PatikaBackendBootcamb.Solution", "PatikaBackendBootcamb.Solution\PatikaBackendBootcamb.Solution.csproj", "{85BE884A-92D5-41CA-9949-5A8DEF55D7AD}"
EndProject
Project("{9A19103F-16F7-4668-BE54-9A1E7A4F7556}") = "2.weetk_Pratik3_while-dowhile", "2.weetk_Pratik3_while-dowhile\2.weetk_Pratik3_while-dowhile.csproj", "{2107A2B9-993B-4399-B625-A73CFEC11101}"
EndProject
Project("{9A19103F-16F7-4668-BE54-9A1E7A4F7556}") = "2.Week_Pratik_4_YolArkadası", "2.Week_Pratik_YolArkadası\2.Week_Pratik_4_YolArkadası.csproj", "{6006916E-2387-4C43-984C-210F1877EAFB}"
EndProject
Project("{9A19103F-16F7-4668-BE54-9A1E7A4F7556}") = "2.Week_Pratik_5_Ilk_Metot", "2.Week_Pratik_5_Ilk_Metot\2.Week_Pratik_5_Ilk_Metot.csproj", "{11D3AA03-9E62-4AB9-97E4-8EA75FA0089E}"
EndProject
Project("{9A19103F-16F7-4668-BE54-9A1E7A4F7556}") = "2.Week_Pratik_6_Metotlarve Parametreler", "2.Week_Pratik_6_Metotlarve Parametreler\2.Week_Pratik_6_Metotlarve Parametreler.csproj", "{21DD5569-72DF-4FC1-87BA-F54F8DD4D4EB}"
EndProject
Project("{9A19103F-16F7-4668-BE54-9A1E7A4F7556}") = "4.Week_Pratik_1_İlksinifimiziolusturalim", "4.Week_Pratik_1_İlksinifimiziolusturalim\4.Week_Pratik_1_İlksinifimiziolusturalim.csproj", "{272EF0B8-838B-46AA-9925-B523B71771DA}"
EndProject
Project("{FAE04EC0-301F-11D3-BF4B-00C04F79EFBC}") = "4.Week_Pratik_2_Constructor", "4.Week_Pratik_2_Constructor\4.Week_Pratik_2_Constructor.csproj", "{B24276E3-06F8-4052-AC51-FFC63036D1EC}"
EndProject
Project("{FAE04EC0-301F-11D3-BF4B-00C04F79EFBC}") = "4.Week_Pratik_3_Encapsulation", "4.Week_Pratik_3_Encapsulation\4.Week_Pratik_3_Encapsulation.csproj", "{C67567D8-45DB-4D9D-BD6A-CAD72E484775}"
EndProject
Project("{FAE04EC0-301F-11D3-BF4B-00C04F79EFBC}") = "4.Week_Pratik_4_Kütüphane", "4.Week_Pratik_4_Kütüphane\4.Week_Pratik_4_Kütüphane.csproj", "{D479B364-E7F5-4DBC-8426-4D4B4C3F1D79}"
EndProject
Global
	GlobalSection(SolutionConfigurationPlatforms) = preSolution
		Debug|Any CPU = Debug|Any CPU
		Debug|ARM64 = Debug|ARM64
		Debug|x64 = Debug|x64
		Debug|x86 = Debug|x86
		Release|Any CPU = Release|Any CPU
		Release|ARM64 = Release|ARM64
		Release|x64 = Release|x64
		Release|x86 = Release|x86
	EndGlobalSection
	GlobalSection(ProjectConfigurationPlatforms) = postSolution
		{85BE884A-92D5-41CA-9949-5A8DEF55D7AD}.Debug|Any CPU.ActiveCfg = Debug|x64
		{85BE884A-92D5-41CA-9949-5A8DEF55D7AD}.Debug|Any CPU.Build.0 = Debug|x64
		{85BE884A-92D5-41CA-9949-5A8DEF55D7AD}.Debug|Any CPU.Deploy.0 = Debug|x64
		{85BE884A-92D5-41CA-9949-5A8DEF55D7AD}.Debug|ARM64.ActiveCfg = Debug|ARM64
		{85BE884A-92D5-41CA-9949-5A8DEF55D7AD}.Debug|ARM64.Build.0 = Debug|ARM64
		{85BE884A-92D5-41CA-9949-5A8DEF55D7AD}.Debug|ARM64.Deploy.0 = Debug|ARM64
		{85BE884A-92D5-41CA-9949-5A8DEF55D7AD}.Debug|x64.ActiveCfg = Debug|x64
		{85BE884A-92D5-41CA-9949-5A8DEF55D7AD}.Debug|x64.Build.0 = Debug|x64
		{85BE884A-92D5-41CA-9949-5A8DEF55D7AD}.Debug|x64.Deploy.0 = Debug|x64
		{85BE884A-92D5-41CA-9949-5A8DEF55D7AD}.Debug|x86.ActiveCfg = Debug|x86
		{85BE884A-92D5-41CA-9949-5A8DEF55D7AD}.Debug|x86.Build.0 = Debug|x86
		{85BE884A-92D5-41CA-9949-5A8DEF55D7AD}.Debug|x86.Deploy.0 = Debug|x86
		{85BE884A-92D5-41CA-9949-5A8DEF55D7AD}.Release|Any CPU.ActiveCfg = Release|x64
		{85BE884A-92D5-41CA-9949-5A8DEF55D7AD}.Release|Any CPU.Build.0 = Release|x64
		{85BE884A-92D5-41CA-9949-5A8DEF55D7AD}.Release|Any CPU.Deploy.0 = Release|x64
		{85BE884A-92D5-41CA-9949-5A8DEF55D7AD}.Release|ARM64.ActiveCfg = Release|ARM64
		{85BE884A-92D5-41CA-9949-5A8DEF55D7AD}.Release|ARM64.Build.0 = Release|ARM64
		{85BE884A-92D5-41CA-9949-5A8DEF55D7AD}.Release|ARM64.Deploy.0 = Release|ARM64
		{85BE884A-92D5-41CA-9949-5A8DEF55D7AD}.Release|x64.ActiveCfg = Release|x64
		{85BE884A-92D5-41CA-9949-5A8DEF55D7AD}.Release|x64.Build.0 = Release|x64
		{85BE884A-92D5-41CA-9949-5A8DEF55D7AD}.Release|x64.Deploy.0 = Release|x64
		{85BE884A-92D5-41CA-9949-5A8DEF55D7AD}.Release|x86.ActiveCfg = Release|x86
		{85BE884A-92D5-41CA-9949-5A8DEF55D7AD}.Release|x86.Build.0 = Release|x86
		{85BE884A-92D5-41CA-9949-5A8DEF55D7AD}.Release|x86.Deploy.0 = Release|x86
		{2107A2B9-993B-4399-B625-A73CFEC11101}.Debug|Any CPU.ActiveCfg = Debug|Any CPU
		{2107A2B9-993B-4399-B625-A73CFEC11101}.Debug|Any CPU.Build.0 = Debug|Any CPU
		{2107A2B9-993B-4399-B625-A73CFEC11101}.Debug|ARM64.ActiveCfg = Debug|Any CPU
		{2107A2B9-993B-4399-B625-A73CFEC11101}.Debug|ARM64.Build.0 = Debug|Any CPU
		{2107A2B9-993B-4399-B625-A73CFEC11101}.Debug|x64.ActiveCfg = Debug|Any CPU
		{2107A2B9-993B-4399-B625-A73CFEC11101}.Debug|x64.Build.0 = Debug|Any CPU
		{2107A2B9-993B-4399-B625-A73CFEC11101}.Debug|x86.ActiveCfg = Debug|Any CPU
		{2107A2B9-993B-4399-B625-A73CFEC11101}.Debug|x86.Build.0 = Debug|Any CPU
		{2107A2B9-993B-4399-B625-A73CFEC11101}.Release|Any CPU.ActiveCfg = Release|Any CPU
		{2107A2B9-993B-4399-B625-A73CFEC11101}.Release|Any CPU.Build.0 = Release|Any CPU
		{2107A2B9-993B-4399-B625-A73CFEC11101}.Release|ARM64.ActiveCfg = Release|Any CPU
		{2107A2B9-993B-4399-B625-A73CFEC11101}.Release|ARM64.Build.0 = Release|Any CPU
		{2107A2B9-993B-4399-B625-A73CFEC11101}.Release|x64.ActiveCfg = Release|Any CPU
		{2107A2B9-993B-4399-B625-A73CFEC11101}.Release|x64.Build.0 = Release|Any CPU
		{2107A2B9-993B-4399-B625-A73CFEC11101}.Release|x86.ActiveCfg = Release|Any CPU
		{2107A2B9-993B-4399-B625-A73CFEC11101}.Release|x86.Build.0 = Release|Any CPU
		{6006916E-2387-4C43-984C-210F1877EAFB}.Debug|Any CPU.ActiveCfg = Debug|Any CPU
		{6006916E-2387-4C43-984C-210F1877EAFB}.Debug|Any CPU.Build.0 = Debug|Any CPU
		{6006916E-2387-4C43-984C-210F1877EAFB}.Debug|ARM64.ActiveCfg = Debug|Any CPU
		{6006916E-2387-4C43-984C-210F1877EAFB}.Debug|ARM64.Build.0 = Debug|Any CPU
		{6006916E-2387-4C43-984C-210F1877EAFB}.Debug|x64.ActiveCfg = Debug|Any CPU
		{6006916E-2387-4C43-984C-210F1877EAFB}.Debug|x64.Build.0 = Debug|Any CPU
		{6006916E-2387-4C43-984C-210F1877EAFB}.Debug|x86.ActiveCfg = Debug|Any CPU
		{6006916E-2387-4C43-984C-210F1877EAFB}.Debug|x86.Build.0 = Debug|Any CPU
		{6006916E-2387-4C43-984C-210F1877EAFB}.Release|Any CPU.ActiveCfg = Release|Any CPU
		{6006916E-2387-4C43-984C-210F1877EAFB}.Release|Any CPU.Build.0 = Release|Any CPU
		{6006916E-2387-4C43-984C-210F1877EAFB}.Release|ARM64.ActiveCfg = Release|Any CPU
		{6006916E-2387-4C43-984C-210F1877EAFB}.Release|ARM64.Build.0 = Release|Any CPU
		{6006916E-2387-4C43-984C-210F1877EAFB}.Release|x64.ActiveCfg = Release|Any CPU
		{6006916E-2387-4C43-984C-210F1877EAFB}.Release|x64.Build.0 = Release|Any CPU
		{6006916E-2387-4C43-984C-210F1877EAFB}.Release|x86.ActiveCfg = Release|Any CPU
		{6006916E-2387-4C43-984C-210F1877EAFB}.Release|x86.Build.0 = Release|Any CPU
		{11D3AA03-9E62-4AB9-97E4-8EA75FA0089E}.Debug|Any CPU.ActiveCfg = Debug|Any CPU
		{11D3AA03-9E62-4AB9-97E4-8EA75FA0089E}.Debug|Any CPU.Build.0 = Debug|Any CPU
		{11D3AA03-9E62-4AB9-97E4-8EA75FA0089E}.Debug|ARM64.ActiveCfg = Debug|Any CPU
		{11D3AA03-9E62-4AB9-97E4-8EA75FA0089E}.Debug|ARM64.Build.0 = Debug|Any CPU
		{11D3AA03-9E62-4AB9-97E4-8EA75FA0089E}.Debug|x64.ActiveCfg = Debug|Any CPU
		{11D3AA03-9E62-4AB9-97E4-8EA75FA0089E}.Debug|x64.Build.0 = Debug|Any CPU
		{11D3AA03-9E62-4AB9-97E4-8EA75FA0089E}.Debug|x86.ActiveCfg = Debug|Any CPU
		{11D3AA03-9E62-4AB9-97E4-8EA75FA0089E}.Debug|x86.Build.0 = Debug|Any CPU
		{11D3AA03-9E62-4AB9-97E4-8EA75FA0089E}.Release|Any CPU.ActiveCfg = Release|Any CPU
		{11D3AA03-9E62-4AB9-97E4-8EA75FA0089E}.Release|Any CPU.Build.0 = Release|Any CPU
		{11D3AA03-9E62-4AB9-97E4-8EA75FA0089E}.Release|ARM64.ActiveCfg = Release|Any CPU
		{11D3AA03-9E62-4AB9-97E4-8EA75FA0089E}.Release|ARM64.Build.0 = Release|Any CPU
		{11D3AA03-9E62-4AB9-97E4-8EA75FA0089E}.Release|x64.ActiveCfg = Release|Any CPU
		{11D3AA03-9E62-4AB9-97E4-8EA75FA0089E}.Release|x64.Build.0 = Release|Any CPU
		{11D3AA03-9E62-4AB9-97E4-8EA75FA0089E}.Release|x86.ActiveCfg = Release|Any CPU
		{11D3AA03-9E62-4AB9-97E4-8EA75FA0089E}.Release|x86.Build.0 = Release|Any CPU
		{21DD5569-72DF-4FC1-87BA-F54F8DD4D4EB}.Debug|Any CPU.ActiveCfg = Debug|Any CPU
		{21DD5569-72DF-4FC1-87BA-F54F8DD4D4EB}.Debug|Any CPU.Build.0 = Debug|Any CPU
		{21DD5569-72DF-4FC1-87BA-F54F8DD4D4EB}.Debug|ARM64.ActiveCfg = Debug|Any CPU
		{21DD5569-72DF-4FC1-87BA-F54F8DD4D4EB}.Debug|ARM64.Build.0 = Debug|Any CPU
		{21DD5569-72DF-4FC1-87BA-F54F8DD4D4EB}.Debug|x64.ActiveCfg = Debug|Any CPU
		{21DD5569-72DF-4FC1-87BA-F54F8DD4D4EB}.Debug|x64.Build.0 = Debug|Any CPU
		{21DD5569-72DF-4FC1-87BA-F54F8DD4D4EB}.Debug|x86.ActiveCfg = Debug|Any CPU
		{21DD5569-72DF-4FC1-87BA-F54F8DD4D4EB}.Debug|x86.Build.0 = Debug|Any CPU
		{21DD5569-72DF-4FC1-87BA-F54F8DD4D4EB}.Release|Any CPU.ActiveCfg = Release|Any CPU
		{21DD5569-72DF-4FC1-87BA-F54F8DD4D4EB}.Release|Any CPU.Build.0 = Release|Any CPU
		{21DD5569-72DF-4FC1-87BA-F54F8DD4D4EB}.Release|ARM64.ActiveCfg = Release|Any CPU
		{21DD5569-72DF-4FC1-87BA-F54F8DD4D4EB}.Release|ARM64.Build.0 = Release|Any CPU
		{21DD5569-72DF-4FC1-87BA-F54F8DD4D4EB}.Release|x64.ActiveCfg = Release|Any CPU
		{21DD5569-72DF-4FC1-87BA-F54F8DD4D4EB}.Release|x64.Build.0 = Release|Any CPU
		{21DD5569-72DF-4FC1-87BA-F54F8DD4D4EB}.Release|x86.ActiveCfg = Release|Any CPU
		{21DD5569-72DF-4FC1-87BA-F54F8DD4D4EB}.Release|x86.Build.0 = Release|Any CPU
		{272EF0B8-838B-46AA-9925-B523B71771DA}.Debug|Any CPU.ActiveCfg = Debug|Any CPU
		{272EF0B8-838B-46AA-9925-B523B71771DA}.Debug|Any CPU.Build.0 = Debug|Any CPU
		{272EF0B8-838B-46AA-9925-B523B71771DA}.Debug|ARM64.ActiveCfg = Debug|Any CPU
		{272EF0B8-838B-46AA-9925-B523B71771DA}.Debug|ARM64.Build.0 = Debug|Any CPU
		{272EF0B8-838B-46AA-9925-B523B71771DA}.Debug|x64.ActiveCfg = Debug|Any CPU
		{272EF0B8-838B-46AA-9925-B523B71771DA}.Debug|x64.Build.0 = Debug|Any CPU
		{272EF0B8-838B-46AA-9925-B523B71771DA}.Debug|x86.ActiveCfg = Debug|Any CPU
		{272EF0B8-838B-46AA-9925-B523B71771DA}.Debug|x86.Build.0 = Debug|Any CPU
		{272EF0B8-838B-46AA-9925-B523B71771DA}.Release|Any CPU.ActiveCfg = Release|Any CPU
		{272EF0B8-838B-46AA-9925-B523B71771DA}.Release|Any CPU.Build.0 = Release|Any CPU
		{272EF0B8-838B-46AA-9925-B523B71771DA}.Release|ARM64.ActiveCfg = Release|Any CPU
		{272EF0B8-838B-46AA-9925-B523B71771DA}.Release|ARM64.Build.0 = Release|Any CPU
		{272EF0B8-838B-46AA-9925-B523B71771DA}.Release|x64.ActiveCfg = Release|Any CPU
		{272EF0B8-838B-46AA-9925-B523B71771DA}.Release|x64.Build.0 = Release|Any CPU
		{272EF0B8-838B-46AA-9925-B523B71771DA}.Release|x86.ActiveCfg = Release|Any CPU
		{272EF0B8-838B-46AA-9925-B523B71771DA}.Release|x86.Build.0 = Release|Any CPU
		{B24276E3-06F8-4052-AC51-FFC63036D1EC}.Debug|Any CPU.ActiveCfg = Debug|Any CPU
		{B24276E3-06F8-4052-AC51-FFC63036D1EC}.Debug|Any CPU.Build.0 = Debug|Any CPU
		{B24276E3-06F8-4052-AC51-FFC63036D1EC}.Debug|ARM64.ActiveCfg = Debug|Any CPU
		{B24276E3-06F8-4052-AC51-FFC63036D1EC}.Debug|ARM64.Build.0 = Debug|Any CPU
		{B24276E3-06F8-4052-AC51-FFC63036D1EC}.Debug|x64.ActiveCfg = Debug|Any CPU
		{B24276E3-06F8-4052-AC51-FFC63036D1EC}.Debug|x64.Build.0 = Debug|Any CPU
		{B24276E3-06F8-4052-AC51-FFC63036D1EC}.Debug|x86.ActiveCfg = Debug|Any CPU
		{B24276E3-06F8-4052-AC51-FFC63036D1EC}.Debug|x86.Build.0 = Debug|Any CPU
		{B24276E3-06F8-4052-AC51-FFC63036D1EC}.Release|Any CPU.ActiveCfg = Release|Any CPU
		{B24276E3-06F8-4052-AC51-FFC63036D1EC}.Release|Any CPU.Build.0 = Release|Any CPU
		{B24276E3-06F8-4052-AC51-FFC63036D1EC}.Release|ARM64.ActiveCfg = Release|Any CPU
		{B24276E3-06F8-4052-AC51-FFC63036D1EC}.Release|ARM64.Build.0 = Release|Any CPU
		{B24276E3-06F8-4052-AC51-FFC63036D1EC}.Release|x64.ActiveCfg = Release|Any CPU
		{B24276E3-06F8-4052-AC51-FFC63036D1EC}.Release|x64.Build.0 = Release|Any CPU
		{B24276E3-06F8-4052-AC51-FFC63036D1EC}.Release|x86.ActiveCfg = Release|Any CPU
		{B24276E3-06F8-4052-AC51-FFC63036D1EC}.Release|x86.Build.0 = Release|Any CPU
		{C67567D8-45DB-4D9D-BD6A-CAD72E484775}.Debug|Any CPU.ActiveCfg = Debug|Any CPU
		{C67567D8-45DB-4D9D-BD6A-CAD72E484775}.Debug|Any CPU.Build.0 = Debug|Any CPU
		{C67567D8-45DB-4D9D-BD6A-CAD72E484775}.Debug|ARM64.ActiveCfg = Debug|Any CPU
		{C67567D8-45DB-4D9D-BD6A-CAD72E484775}.Debug|ARM64.Build.0 = Debug|Any CPU
		{C67567D8-45DB-4D9D-BD6A-CAD72E484775}.Debug|x64.ActiveCfg = Debug|Any CPU
		{C67567D8-45DB-4D9D-BD6A-CAD72E484775}.Debug|x64.Build.0 = Debug|Any CPU
		{C67567D8-45DB-4D9D-BD6A-CAD72E484775}.Debug|x86.ActiveCfg = Debug|Any CPU
		{C67567D8-45DB-4D9D-BD6A-CAD72E484775}.Debug|x86.Build.0 = Debug|Any CPU
		{C67567D8-45DB-4D9D-BD6A-CAD72E484775}.Release|Any CPU.ActiveCfg = Release|Any CPU
		{C67567D8-45DB-4D9D-BD6A-CAD72E484775}.Release|Any CPU.Build.0 = Release|Any CPU
		{C67567D8-45DB-4D9D-BD6A-CAD72E484775}.Release|ARM64.ActiveCfg = Release|Any CPU
		{C67567D8-45DB-4D9D-BD6A-CAD72E484775}.Release|ARM64.Build.0 = Release|Any CPU
		{C67567D8-45DB-4D9D-BD6A-CAD72E484775}.Release|x64.ActiveCfg = Release|Any CPU
		{C67567D8-45DB-4D9D-BD6A-CAD72E484775}.Release|x64.Build.0 = Release|Any CPU
		{C67567D8-45DB-4D9D-BD6A-CAD72E484775}.Release|x86.ActiveCfg = Release|Any CPU
		{C67567D8-45DB-4D9D-BD6A-CAD72E484775}.Release|x86.Build.0 = Release|Any CPU
		{D479B364-E7F5-4DBC-8426-4D4B4C3F1D79}.Debug|Any CPU.ActiveCfg = Debug|Any CPU
		{D479B364-E7F5-4DBC-8426-4D4B4C3F1D79}.Debug|Any CPU.Build.0 = Debug|Any CPU
		{D479B364-E7F5-4DBC-8426-4D4B4C3F1D79}.Debug|ARM64.ActiveCfg = Debug|Any CPU
		{D479B364-E7F5-4DBC-8426-4D4B4C3F1D79}.Debug|ARM64.Build.0 = Debug|Any CPU
		{D479B364-E7F5-4DBC-8426-4D4B4C3F1D79}.Debug|x64.ActiveCfg = Debug|Any CPU
		{D479B364-E7F5-4DBC-8426-4D4B4C3F1D79}.Debug|x64.Build.0 = Debug|Any CPU
		{D479B364-E7F5-4DBC-8426-4D4B4C3F1D79}.Debug|x86.ActiveCfg = Debug|Any CPU
		{D479B364-E7F5-4DBC-8426-4D4B4C3F1D79}.Debug|x86.Build.0 = Debug|Any CPU
		{D479B364-E7F5-4DBC-8426-4D4B4C3F1D79}.Release|Any CPU.ActiveCfg = Release|Any CPU
		{D479B364-E7F5-4DBC-8426-4D4B4C3F1D79}.Release|Any CPU.Build.0 = Release|Any CPU
		{D479B364-E7F5-4DBC-8426-4D4B4C3F1D79}.Release|ARM64.ActiveCfg = Release|Any CPU
		{D479B364-E7F5-4DBC-8426-4D4B4C3F1D79}.Release|ARM64.Build.0 = Release|Any CPU
		{D479B364-E7F5-4DBC-8426-4D4B4C3F1D79}.Release|x64.ActiveCfg = Release|Any CPU
		{D479B364-E7F5-4DBC-8426-4D4B4C3F1D79}.Release|x64.Build.0 = Release|Any CPU
		{D479B364-E7F5-4DBC-8426-4D4B4C3F1D79}.Release|x86.ActiveCfg = Release|Any CPU
		{D479B364-E7F5-4DBC-8426-4D4B4C3F1D79}.Release|x86.Build.0 = Release|Any CPU
	EndGlobalSection
	GlobalSection(SolutionProperties) = preSolution
		HideSolutionNode = FALSE
	EndGlobalSection
	GlobalSection(ExtensibilityGlobals) = postSolution
		SolutionGuid = {48AE80ED-2FD8-4120-9060-0ED3086FF5EB}
	EndGlobalSection
EndGlobal
