
Microsoft Visual Studio Solution File, Format Version 12.00
# Visual Studio Version 17
VisualStudioVersion = 17.11.35312.102
MinimumVisualStudioVersion = 10.0.40219.1
Project("{9A19103F-16F7-4668-BE54-9A1E7A4F7556}") = "PatikaBackendBootcamb.Solution", "PatikaBackendBootcamb.Solution\PatikaBackendBootcamb.Solution.csproj", "{85BE884A-92D5-41CA-9949-5A8DEF55D7AD}"
EndProject
Project("{9A19103F-16F7-4668-BE54-9A1E7A4F7556}") = "2.weetk_Pratik3_while-dowhile", "2.weetk_Pratik3_while-dowhile\2.weetk_Pratik3_while-dowhile.csproj", "{2107A2B9-993B-4399-B625-A73CFEC11101}"
EndProject
Project("{9A19103F-16F7-4668-BE54-9A1E7A4F7556}") = "2.Week_Pratik_4_YolArkadası", "2.Week_Pratik_YolArkadası\2.Week_Pratik_4_YolArkadası.csproj", "{6006916E-2387-4C43-984C-210F1877EAFB}"
EndProject
Project("{9A19103F-16F7-4668-BE54-9A1E7A4F7556}") = "2.Week_Pratik_5_Ilk_Metot", "2.Week_Pratik_5_Ilk_Metot\2.Week_Pratik_5_Ilk_Metot.csproj", "{11D3AA03-9E62-4AB9-97E4-8EA75FA0089E}"
EndProject
Project("{9A19103F-16F7-4668-BE54-9A1E7A4F7556}") = "2.Week_Pratik_6_Metotlarve Parametreler", "2.Week_Pratik_6_Metotlarve Parametreler\2.Week_Pratik_6_Metotlarve Parametreler.csproj", "{21DD5569-72DF-4FC1-87BA-F54F8DD4D4EB}"
EndProject
Project("{9A19103F-16F7-4668-BE54-9A1E7A4F7556}") = "4.Week_Pratik_1_İlksinifimiziolusturalim", "4.Week_Pratik_1_İlksinifimiziolusturalim\4.Week_Pratik_1_İlksinifimiziolusturalim.csproj", "{272EF0B8-838B-46AA-9925-B523B71771DA}"
EndProject
Project("{9A19103F-16F7-4668-BE54-9A1E7A4F7556}") = "4.Week_Pratik_2_Constructor", "4.Week_Pratik_2_Constructor\4.Week_Pratik_2_Constructor.csproj", "{B24276E3-06F8-4052-AC51-FFC63036D1EC}"
EndProject
Project("{9A19103F-16F7-4668-BE54-9A1E7A4F7556}") = "4.Week_Pratik_3_Encapsulation", "4.Week_Pratik_3_Encapsulation\4.Week_Pratik_3_Encapsulation.csproj", "{C67567D8-45DB-4D9D-BD6A-CAD72E484775}"
EndProject
Project("{9A19103F-16F7-4668-BE54-9A1E7A4F7556}") = "4.Week_Pratik_4_Kütüphane", "4.Week_Pratik_4_Kütüphane\4.Week_Pratik_4_Kütüphane.csproj", "{D479B364-E7F5-4DBC-8426-4D4B4C3F1D79}"
EndProject
Project("{9A19103F-16F7-4668-BE54-9A1E7A4F7556}") = "4.Week_Pratik_5_Inheritance", "4.Week_Pratik_5_Inheritance\4.Week_Pratik_5_Inheritance.csproj", "{D2090FEB-1BE5-4D3A-846E-1C1C1E22A80A}"
EndProject
Project("{9A19103F-16F7-4668-BE54-9A1E7A4F7556}") = "4.Week_Pratik_6_Polymorphisim", "4.Week_Pratik_6_Polymorphisim\4.Week_Pratik_6_Polymorphisim.csproj", "{4983C92B-A7E6-4D74-B296-8D87E6F78633}"
EndProject
Project("{9A19103F-16F7-4668-BE54-9A1E7A4F7556}") = "4.Week_Pratik_7_Abstraction", "4.Week_Pratik_7_Abstraction\4.Week_Pratik_7_Abstraction.csproj", "{DF8A047C-5E98-4197-9337-E3E7F947DE50}"
EndProject
Project("{9A19103F-16F7-4668-BE54-9A1E7A4F7556}") = "4.Week_Pratik_8_Kapanıs", "4.Week_Pratik_8_Kapanıs\4.Week_Pratik_8_Kapanıs.csproj", "{6C131786-5823-44A4-87A3-5AFE63D60718}"
EndProject
Project("{9A19103F-16F7-4668-BE54-9A1E7A4F7556}") = "5.Week_Patika_1_Array", "5.Week_Patika_1_Array\5.Week_Patika_1_Array.csproj", "{C2470D39-202A-47D2-A73C-4EE80EC05216}"
EndProject
Project("{9A19103F-16F7-4668-BE54-9A1E7A4F7556}") = "5.Week_Pratik_2_Lists1", "5.Week_Pratik_2_Lists1\5.Week_Pratik_2_Lists1.csproj", "{00486075-BD7E-4703-B3AB-03487F2EEE08}"
EndProject
Project("{9A19103F-16F7-4668-BE54-9A1E7A4F7556}") = "5.Week_Pratik_3_Lists2", "5.Week_Pratik_3_Lists2\5.Week_Pratik_3_Lists2.csproj", "{69830B83-A1CA-448C-8836-91DACC4C676D}"
EndProject
Project("{9A19103F-16F7-4668-BE54-9A1E7A4F7556}") = "5.Week_Pratik_4_IMDB_Lists", "5.Week_Pratik_4_IMDB_Lists\5.Week_Pratik_4_IMDB_Lists.csproj", "{25D1D2E8-429E-4FC3-AD5D-E2E48E9DE265}"
EndProject
Project("{FAE04EC0-301F-11D3-BF4B-00C04F79EFBC}") = "5.Week_Pratik_5_Try_Catch", "5.Week_Pratik_5_Try_Catch\5.Week_Pratik_5_Try_Catch.csproj", "{EFD2F889-278D-4DD1-81A3-AC755446B9F9}"
EndProject
Global
	GlobalSection(SolutionConfigurationPlatforms) = preSolution
		Debug|Any CPU = Debug|Any CPU
		Debug|ARM64 = Debug|ARM64
		Debug|x64 = Debug|x64
		Debug|x86 = Debug|x86
		Release|Any CPU = Release|Any CPU
		Release|ARM64 = Release|ARM64
		Release|x64 = Release|x64
		Release|x86 = Release|x86
	EndGlobalSection
	GlobalSection(ProjectConfigurationPlatforms) = postSolution
		{85BE884A-92D5-41CA-9949-5A8DEF55D7AD}.Debug|Any CPU.ActiveCfg = Debug|x64
		{85BE884A-92D5-41CA-9949-5A8DEF55D7AD}.Debug|Any CPU.Build.0 = Debug|x64
		{85BE884A-92D5-41CA-9949-5A8DEF55D7AD}.Debug|Any CPU.Deploy.0 = Debug|x64
		{85BE884A-92D5-41CA-9949-5A8DEF55D7AD}.Debug|ARM64.ActiveCfg = Debug|ARM64
		{85BE884A-92D5-41CA-9949-5A8DEF55D7AD}.Debug|ARM64.Build.0 = Debug|ARM64
		{85BE884A-92D5-41CA-9949-5A8DEF55D7AD}.Debug|ARM64.Deploy.0 = Debug|ARM64
		{85BE884A-92D5-41CA-9949-5A8DEF55D7AD}.Debug|x64.ActiveCfg = Debug|x64
		{85BE884A-92D5-41CA-9949-5A8DEF55D7AD}.Debug|x64.Build.0 = Debug|x64
		{85BE884A-92D5-41CA-9949-5A8DEF55D7AD}.Debug|x64.Deploy.0 = Debug|x64
		{85BE884A-92D5-41CA-9949-5A8DEF55D7AD}.Debug|x86.ActiveCfg = Debug|x86
		{85BE884A-92D5-41CA-9949-5A8DEF55D7AD}.Debug|x86.Build.0 = Debug|x86
		{85BE884A-92D5-41CA-9949-5A8DEF55D7AD}.Debug|x86.Deploy.0 = Debug|x86
		{85BE884A-92D5-41CA-9949-5A8DEF55D7AD}.Release|Any CPU.ActiveCfg = Release|x64
		{85BE884A-92D5-41CA-9949-5A8DEF55D7AD}.Release|Any CPU.Build.0 = Release|x64
		{85BE884A-92D5-41CA-9949-5A8DEF55D7AD}.Release|Any CPU.Deploy.0 = Release|x64
		{85BE884A-92D5-41CA-9949-5A8DEF55D7AD}.Release|ARM64.ActiveCfg = Release|ARM64
		{85BE884A-92D5-41CA-9949-5A8DEF55D7AD}.Release|ARM64.Build.0 = Release|ARM64
		{85BE884A-92D5-41CA-9949-5A8DEF55D7AD}.Release|ARM64.Deploy.0 = Release|ARM64
		{85BE884A-92D5-41CA-9949-5A8DEF55D7AD}.Release|x64.ActiveCfg = Release|x64
		{85BE884A-92D5-41CA-9949-5A8DEF55D7AD}.Release|x64.Build.0 = Release|x64
		{85BE884A-92D5-41CA-9949-5A8DEF55D7AD}.Release|x64.Deploy.0 = Release|x64
		{85BE884A-92D5-41CA-9949-5A8DEF55D7AD}.Release|x86.ActiveCfg = Release|x86
		{85BE884A-92D5-41CA-9949-5A8DEF55D7AD}.Release|x86.Build.0 = Release|x86
		{85BE884A-92D5-41CA-9949-5A8DEF55D7AD}.Release|x86.Deploy.0 = Release|x86
		{2107A2B9-993B-4399-B625-A73CFEC11101}.Debug|Any CPU.ActiveCfg = Debug|Any CPU
		{2107A2B9-993B-4399-B625-A73CFEC11101}.Debug|Any CPU.Build.0 = Debug|Any CPU
		{2107A2B9-993B-4399-B625-A73CFEC11101}.Debug|ARM64.ActiveCfg = Debug|Any CPU
		{2107A2B9-993B-4399-B625-A73CFEC11101}.Debug|ARM64.Build.0 = Debug|Any CPU
		{2107A2B9-993B-4399-B625-A73CFEC11101}.Debug|x64.ActiveCfg = Debug|Any CPU
		{2107A2B9-993B-4399-B625-A73CFEC11101}.Debug|x64.Build.0 = Debug|Any CPU
		{2107A2B9-993B-4399-B625-A73CFEC11101}.Debug|x86.ActiveCfg = Debug|Any CPU
		{2107A2B9-993B-4399-B625-A73CFEC11101}.Debug|x86.Build.0 = Debug|Any CPU
		{2107A2B9-993B-4399-B625-A73CFEC11101}.Release|Any CPU.ActiveCfg = Release|Any CPU
		{2107A2B9-993B-4399-B625-A73CFEC11101}.Release|Any CPU.Build.0 = Release|Any CPU
		{2107A2B9-993B-4399-B625-A73CFEC11101}.Release|ARM64.ActiveCfg = Release|Any CPU
		{2107A2B9-993B-4399-B625-A73CFEC11101}.Release|ARM64.Build.0 = Release|Any CPU
		{2107A2B9-993B-4399-B625-A73CFEC11101}.Release|x64.ActiveCfg = Release|Any CPU
		{2107A2B9-993B-4399-B625-A73CFEC11101}.Release|x64.Build.0 = Release|Any CPU
		{2107A2B9-993B-4399-B625-A73CFEC11101}.Release|x86.ActiveCfg = Release|Any CPU
		{2107A2B9-993B-4399-B625-A73CFEC11101}.Release|x86.Build.0 = Release|Any CPU
		{6006916E-2387-4C43-984C-210F1877EAFB}.Debug|Any CPU.ActiveCfg = Debug|Any CPU
		{6006916E-2387-4C43-984C-210F1877EAFB}.Debug|Any CPU.Build.0 = Debug|Any CPU
		{6006916E-2387-4C43-984C-210F1877EAFB}.Debug|ARM64.ActiveCfg = Debug|Any CPU
		{6006916E-2387-4C43-984C-210F1877EAFB}.Debug|ARM64.Build.0 = Debug|Any CPU
		{6006916E-2387-4C43-984C-210F1877EAFB}.Debug|x64.ActiveCfg = Debug|Any CPU
		{6006916E-2387-4C43-984C-210F1877EAFB}.Debug|x64.Build.0 = Debug|Any CPU
		{6006916E-2387-4C43-984C-210F1877EAFB}.Debug|x86.ActiveCfg = Debug|Any CPU
		{6006916E-2387-4C43-984C-210F1877EAFB}.Debug|x86.Build.0 = Debug|Any CPU
		{6006916E-2387-4C43-984C-210F1877EAFB}.Release|Any CPU.ActiveCfg = Release|Any CPU
		{6006916E-2387-4C43-984C-210F1877EAFB}.Release|Any CPU.Build.0 = Release|Any CPU
		{6006916E-2387-4C43-984C-210F1877EAFB}.Release|ARM64.ActiveCfg = Release|Any CPU
		{6006916E-2387-4C43-984C-210F1877EAFB}.Release|ARM64.Build.0 = Release|Any CPU
		{6006916E-2387-4C43-984C-210F1877EAFB}.Release|x64.ActiveCfg = Release|Any CPU
		{6006916E-2387-4C43-984C-210F1877EAFB}.Release|x64.Build.0 = Release|Any CPU
		{6006916E-2387-4C43-984C-210F1877EAFB}.Release|x86.ActiveCfg = Release|Any CPU
		{6006916E-2387-4C43-984C-210F1877EAFB}.Release|x86.Build.0 = Release|Any CPU
		{11D3AA03-9E62-4AB9-97E4-8EA75FA0089E}.Debug|Any CPU.ActiveCfg = Debug|Any CPU
		{11D3AA03-9E62-4AB9-97E4-8EA75FA0089E}.Debug|Any CPU.Build.0 = Debug|Any CPU
		{11D3AA03-9E62-4AB9-97E4-8EA75FA0089E}.Debug|ARM64.ActiveCfg = Debug|Any CPU
		{11D3AA03-9E62-4AB9-97E4-8EA75FA0089E}.Debug|ARM64.Build.0 = Debug|Any CPU
		{11D3AA03-9E62-4AB9-97E4-8EA75FA0089E}.Debug|x64.ActiveCfg = Debug|Any CPU
		{11D3AA03-9E62-4AB9-97E4-8EA75FA0089E}.Debug|x64.Build.0 = Debug|Any CPU
		{11D3AA03-9E62-4AB9-97E4-8EA75FA0089E}.Debug|x86.ActiveCfg = Debug|Any CPU
		{11D3AA03-9E62-4AB9-97E4-8EA75FA0089E}.Debug|x86.Build.0 = Debug|Any CPU
		{11D3AA03-9E62-4AB9-97E4-8EA75FA0089E}.Release|Any CPU.ActiveCfg = Release|Any CPU
		{11D3AA03-9E62-4AB9-97E4-8EA75FA0089E}.Release|Any CPU.Build.0 = Release|Any CPU
		{11D3AA03-9E62-4AB9-97E4-8EA75FA0089E}.Release|ARM64.ActiveCfg = Release|Any CPU
		{11D3AA03-9E62-4AB9-97E4-8EA75FA0089E}.Release|ARM64.Build.0 = Release|Any CPU
		{11D3AA03-9E62-4AB9-97E4-8EA75FA0089E}.Release|x64.ActiveCfg = Release|Any CPU
		{11D3AA03-9E62-4AB9-97E4-8EA75FA0089E}.Release|x64.Build.0 = Release|Any CPU
		{11D3AA03-9E62-4AB9-97E4-8EA75FA0089E}.Release|x86.ActiveCfg = Release|Any CPU
		{11D3AA03-9E62-4AB9-97E4-8EA75FA0089E}.Release|x86.Build.0 = Release|Any CPU
		{21DD5569-72DF-4FC1-87BA-F54F8DD4D4EB}.Debug|Any CPU.ActiveCfg = Debug|Any CPU
		{21DD5569-72DF-4FC1-87BA-F54F8DD4D4EB}.Debug|Any CPU.Build.0 = Debug|Any CPU
		{21DD5569-72DF-4FC1-87BA-F54F8DD4D4EB}.Debug|ARM64.ActiveCfg = Debug|Any CPU
		{21DD5569-72DF-4FC1-87BA-F54F8DD4D4EB}.Debug|ARM64.Build.0 = Debug|Any CPU
		{21DD5569-72DF-4FC1-87BA-F54F8DD4D4EB}.Debug|x64.ActiveCfg = Debug|Any CPU
		{21DD5569-72DF-4FC1-87BA-F54F8DD4D4EB}.Debug|x64.Build.0 = Debug|Any CPU
		{21DD5569-72DF-4FC1-87BA-F54F8DD4D4EB}.Debug|x86.ActiveCfg = Debug|Any CPU
		{21DD5569-72DF-4FC1-87BA-F54F8DD4D4EB}.Debug|x86.Build.0 = Debug|Any CPU
		{21DD5569-72DF-4FC1-87BA-F54F8DD4D4EB}.Release|Any CPU.ActiveCfg = Release|Any CPU
		{21DD5569-72DF-4FC1-87BA-F54F8DD4D4EB}.Release|Any CPU.Build.0 = Release|Any CPU
		{21DD5569-72DF-4FC1-87BA-F54F8DD4D4EB}.Release|ARM64.ActiveCfg = Release|Any CPU
		{21DD5569-72DF-4FC1-87BA-F54F8DD4D4EB}.Release|ARM64.Build.0 = Release|Any CPU
		{21DD5569-72DF-4FC1-87BA-F54F8DD4D4EB}.Release|x64.ActiveCfg = Release|Any CPU
		{21DD5569-72DF-4FC1-87BA-F54F8DD4D4EB}.Release|x64.Build.0 = Release|Any CPU
		{21DD5569-72DF-4FC1-87BA-F54F8DD4D4EB}.Release|x86.ActiveCfg = Release|Any CPU
		{21DD5569-72DF-4FC1-87BA-F54F8DD4D4EB}.Release|x86.Build.0 = Release|Any CPU
		{272EF0B8-838B-46AA-9925-B523B71771DA}.Debug|Any CPU.ActiveCfg = Debug|Any CPU
		{272EF0B8-838B-46AA-9925-B523B71771DA}.Debug|Any CPU.Build.0 = Debug|Any CPU
		{272EF0B8-838B-46AA-9925-B523B71771DA}.Debug|ARM64.ActiveCfg = Debug|Any CPU
		{272EF0B8-838B-46AA-9925-B523B71771DA}.Debug|ARM64.Build.0 = Debug|Any CPU
		{272EF0B8-838B-46AA-9925-B523B71771DA}.Debug|x64.ActiveCfg = Debug|Any CPU
		{272EF0B8-838B-46AA-9925-B523B71771DA}.Debug|x64.Build.0 = Debug|Any CPU
		{272EF0B8-838B-46AA-9925-B523B71771DA}.Debug|x86.ActiveCfg = Debug|Any CPU
		{272EF0B8-838B-46AA-9925-B523B71771DA}.Debug|x86.Build.0 = Debug|Any CPU
		{272EF0B8-838B-46AA-9925-B523B71771DA}.Release|Any CPU.ActiveCfg = Release|Any CPU
		{272EF0B8-838B-46AA-9925-B523B71771DA}.Release|Any CPU.Build.0 = Release|Any CPU
		{272EF0B8-838B-46AA-9925-B523B71771DA}.Release|ARM64.ActiveCfg = Release|Any CPU
		{272EF0B8-838B-46AA-9925-B523B71771DA}.Release|ARM64.Build.0 = Release|Any CPU
		{272EF0B8-838B-46AA-9925-B523B71771DA}.Release|x64.ActiveCfg = Release|Any CPU
		{272EF0B8-838B-46AA-9925-B523B71771DA}.Release|x64.Build.0 = Release|Any CPU
		{272EF0B8-838B-46AA-9925-B523B71771DA}.Release|x86.ActiveCfg = Release|Any CPU
		{272EF0B8-838B-46AA-9925-B523B71771DA}.Release|x86.Build.0 = Release|Any CPU
		{B24276E3-06F8-4052-AC51-FFC63036D1EC}.Debug|Any CPU.ActiveCfg = Debug|Any CPU
		{B24276E3-06F8-4052-AC51-FFC63036D1EC}.Debug|Any CPU.Build.0 = Debug|Any CPU
		{B24276E3-06F8-4052-AC51-FFC63036D1EC}.Debug|ARM64.ActiveCfg = Debug|Any CPU
		{B24276E3-06F8-4052-AC51-FFC63036D1EC}.Debug|ARM64.Build.0 = Debug|Any CPU
		{B24276E3-06F8-4052-AC51-FFC63036D1EC}.Debug|x64.ActiveCfg = Debug|Any CPU
		{B24276E3-06F8-4052-AC51-FFC63036D1EC}.Debug|x64.Build.0 = Debug|Any CPU
		{B24276E3-06F8-4052-AC51-FFC63036D1EC}.Debug|x86.ActiveCfg = Debug|Any CPU
		{B24276E3-06F8-4052-AC51-FFC63036D1EC}.Debug|x86.Build.0 = Debug|Any CPU
		{B24276E3-06F8-4052-AC51-FFC63036D1EC}.Release|Any CPU.ActiveCfg = Release|Any CPU
		{B24276E3-06F8-4052-AC51-FFC63036D1EC}.Release|Any CPU.Build.0 = Release|Any CPU
		{B24276E3-06F8-4052-AC51-FFC63036D1EC}.Release|ARM64.ActiveCfg = Release|Any CPU
		{B24276E3-06F8-4052-AC51-FFC63036D1EC}.Release|ARM64.Build.0 = Release|Any CPU
		{B24276E3-06F8-4052-AC51-FFC63036D1EC}.Release|x64.ActiveCfg = Release|Any CPU
		{B24276E3-06F8-4052-AC51-FFC63036D1EC}.Release|x64.Build.0 = Release|Any CPU
		{B24276E3-06F8-4052-AC51-FFC63036D1EC}.Release|x86.ActiveCfg = Release|Any CPU
		{B24276E3-06F8-4052-AC51-FFC63036D1EC}.Release|x86.Build.0 = Release|Any CPU
		{C67567D8-45DB-4D9D-BD6A-CAD72E484775}.Debug|Any CPU.ActiveCfg = Debug|Any CPU
		{C67567D8-45DB-4D9D-BD6A-CAD72E484775}.Debug|Any CPU.Build.0 = Debug|Any CPU
		{C67567D8-45DB-4D9D-BD6A-CAD72E484775}.Debug|ARM64.ActiveCfg = Debug|Any CPU
		{C67567D8-45DB-4D9D-BD6A-CAD72E484775}.Debug|ARM64.Build.0 = Debug|Any CPU
		{C67567D8-45DB-4D9D-BD6A-CAD72E484775}.Debug|x64.ActiveCfg = Debug|Any CPU
		{C67567D8-45DB-4D9D-BD6A-CAD72E484775}.Debug|x64.Build.0 = Debug|Any CPU
		{C67567D8-45DB-4D9D-BD6A-CAD72E484775}.Debug|x86.ActiveCfg = Debug|Any CPU
		{C67567D8-45DB-4D9D-BD6A-CAD72E484775}.Debug|x86.Build.0 = Debug|Any CPU
		{C67567D8-45DB-4D9D-BD6A-CAD72E484775}.Release|Any CPU.ActiveCfg = Release|Any CPU
		{C67567D8-45DB-4D9D-BD6A-CAD72E484775}.Release|Any CPU.Build.0 = Release|Any CPU
		{C67567D8-45DB-4D9D-BD6A-CAD72E484775}.Release|ARM64.ActiveCfg = Release|Any CPU
		{C67567D8-45DB-4D9D-BD6A-CAD72E484775}.Release|ARM64.Build.0 = Release|Any CPU
		{C67567D8-45DB-4D9D-BD6A-CAD72E484775}.Release|x64.ActiveCfg = Release|Any CPU
		{C67567D8-45DB-4D9D-BD6A-CAD72E484775}.Release|x64.Build.0 = Release|Any CPU
		{C67567D8-45DB-4D9D-BD6A-CAD72E484775}.Release|x86.ActiveCfg = Release|Any CPU
		{C67567D8-45DB-4D9D-BD6A-CAD72E484775}.Release|x86.Build.0 = Release|Any CPU
		{D479B364-E7F5-4DBC-8426-4D4B4C3F1D79}.Debug|Any CPU.ActiveCfg = Debug|Any CPU
		{D479B364-E7F5-4DBC-8426-4D4B4C3F1D79}.Debug|Any CPU.Build.0 = Debug|Any CPU
		{D479B364-E7F5-4DBC-8426-4D4B4C3F1D79}.Debug|ARM64.ActiveCfg = Debug|Any CPU
		{D479B364-E7F5-4DBC-8426-4D4B4C3F1D79}.Debug|ARM64.Build.0 = Debug|Any CPU
		{D479B364-E7F5-4DBC-8426-4D4B4C3F1D79}.Debug|x64.ActiveCfg = Debug|Any CPU
		{D479B364-E7F5-4DBC-8426-4D4B4C3F1D79}.Debug|x64.Build.0 = Debug|Any CPU
		{D479B364-E7F5-4DBC-8426-4D4B4C3F1D79}.Debug|x86.ActiveCfg = Debug|Any CPU
		{D479B364-E7F5-4DBC-8426-4D4B4C3F1D79}.Debug|x86.Build.0 = Debug|Any CPU
		{D479B364-E7F5-4DBC-8426-4D4B4C3F1D79}.Release|Any CPU.ActiveCfg = Release|Any CPU
		{D479B364-E7F5-4DBC-8426-4D4B4C3F1D79}.Release|Any CPU.Build.0 = Release|Any CPU
		{D479B364-E7F5-4DBC-8426-4D4B4C3F1D79}.Release|ARM64.ActiveCfg = Release|Any CPU
		{D479B364-E7F5-4DBC-8426-4D4B4C3F1D79}.Release|ARM64.Build.0 = Release|Any CPU
		{D479B364-E7F5-4DBC-8426-4D4B4C3F1D79}.Release|x64.ActiveCfg = Release|Any CPU
		{D479B364-E7F5-4DBC-8426-4D4B4C3F1D79}.Release|x64.Build.0 = Release|Any CPU
		{D479B364-E7F5-4DBC-8426-4D4B4C3F1D79}.Release|x86.ActiveCfg = Release|Any CPU
		{D479B364-E7F5-4DBC-8426-4D4B4C3F1D79}.Release|x86.Build.0 = Release|Any CPU
		{D2090FEB-1BE5-4D3A-846E-1C1C1E22A80A}.Debug|Any CPU.ActiveCfg = Debug|Any CPU
		{D2090FEB-1BE5-4D3A-846E-1C1C1E22A80A}.Debug|Any CPU.Build.0 = Debug|Any CPU
		{D2090FEB-1BE5-4D3A-846E-1C1C1E22A80A}.Debug|ARM64.ActiveCfg = Debug|Any CPU
		{D2090FEB-1BE5-4D3A-846E-1C1C1E22A80A}.Debug|ARM64.Build.0 = Debug|Any CPU
		{D2090FEB-1BE5-4D3A-846E-1C1C1E22A80A}.Debug|x64.ActiveCfg = Debug|Any CPU
		{D2090FEB-1BE5-4D3A-846E-1C1C1E22A80A}.Debug|x64.Build.0 = Debug|Any CPU
		{D2090FEB-1BE5-4D3A-846E-1C1C1E22A80A}.Debug|x86.ActiveCfg = Debug|Any CPU
		{D2090FEB-1BE5-4D3A-846E-1C1C1E22A80A}.Debug|x86.Build.0 = Debug|Any CPU
		{D2090FEB-1BE5-4D3A-846E-1C1C1E22A80A}.Release|Any CPU.ActiveCfg = Release|Any CPU
		{D2090FEB-1BE5-4D3A-846E-1C1C1E22A80A}.Release|Any CPU.Build.0 = Release|Any CPU
		{D2090FEB-1BE5-4D3A-846E-1C1C1E22A80A}.Release|ARM64.ActiveCfg = Release|Any CPU
		{D2090FEB-1BE5-4D3A-846E-1C1C1E22A80A}.Release|ARM64.Build.0 = Release|Any CPU
		{D2090FEB-1BE5-4D3A-846E-1C1C1E22A80A}.Release|x64.ActiveCfg = Release|Any CPU
		{D2090FEB-1BE5-4D3A-846E-1C1C1E22A80A}.Release|x64.Build.0 = Release|Any CPU
		{D2090FEB-1BE5-4D3A-846E-1C1C1E22A80A}.Release|x86.ActiveCfg = Release|Any CPU
		{D2090FEB-1BE5-4D3A-846E-1C1C1E22A80A}.Release|x86.Build.0 = Release|Any CPU
		{4983C92B-A7E6-4D74-B296-8D87E6F78633}.Debug|Any CPU.ActiveCfg = Debug|Any CPU
		{4983C92B-A7E6-4D74-B296-8D87E6F78633}.Debug|Any CPU.Build.0 = Debug|Any CPU
		{4983C92B-A7E6-4D74-B296-8D87E6F78633}.Debug|ARM64.ActiveCfg = Debug|Any CPU
		{4983C92B-A7E6-4D74-B296-8D87E6F78633}.Debug|ARM64.Build.0 = Debug|Any CPU
		{4983C92B-A7E6-4D74-B296-8D87E6F78633}.Debug|x64.ActiveCfg = Debug|Any CPU
		{4983C92B-A7E6-4D74-B296-8D87E6F78633}.Debug|x64.Build.0 = Debug|Any CPU
		{4983C92B-A7E6-4D74-B296-8D87E6F78633}.Debug|x86.ActiveCfg = Debug|Any CPU
		{4983C92B-A7E6-4D74-B296-8D87E6F78633}.Debug|x86.Build.0 = Debug|Any CPU
		{4983C92B-A7E6-4D74-B296-8D87E6F78633}.Release|Any CPU.ActiveCfg = Release|Any CPU
		{4983C92B-A7E6-4D74-B296-8D87E6F78633}.Release|Any CPU.Build.0 = Release|Any CPU
		{4983C92B-A7E6-4D74-B296-8D87E6F78633}.Release|ARM64.ActiveCfg = Release|Any CPU
		{4983C92B-A7E6-4D74-B296-8D87E6F78633}.Release|ARM64.Build.0 = Release|Any CPU
		{4983C92B-A7E6-4D74-B296-8D87E6F78633}.Release|x64.ActiveCfg = Release|Any CPU
		{4983C92B-A7E6-4D74-B296-8D87E6F78633}.Release|x64.Build.0 = Release|Any CPU
		{4983C92B-A7E6-4D74-B296-8D87E6F78633}.Release|x86.ActiveCfg = Release|Any CPU
		{4983C92B-A7E6-4D74-B296-8D87E6F78633}.Release|x86.Build.0 = Release|Any CPU
		{DF8A047C-5E98-4197-9337-E3E7F947DE50}.Debug|Any CPU.ActiveCfg = Debug|Any CPU
		{DF8A047C-5E98-4197-9337-E3E7F947DE50}.Debug|Any CPU.Build.0 = Debug|Any CPU
		{DF8A047C-5E98-4197-9337-E3E7F947DE50}.Debug|ARM64.ActiveCfg = Debug|Any CPU
		{DF8A047C-5E98-4197-9337-E3E7F947DE50}.Debug|ARM64.Build.0 = Debug|Any CPU
		{DF8A047C-5E98-4197-9337-E3E7F947DE50}.Debug|x64.ActiveCfg = Debug|Any CPU
		{DF8A047C-5E98-4197-9337-E3E7F947DE50}.Debug|x64.Build.0 = Debug|Any CPU
		{DF8A047C-5E98-4197-9337-E3E7F947DE50}.Debug|x86.ActiveCfg = Debug|Any CPU
		{DF8A047C-5E98-4197-9337-E3E7F947DE50}.Debug|x86.Build.0 = Debug|Any CPU
		{DF8A047C-5E98-4197-9337-E3E7F947DE50}.Release|Any CPU.ActiveCfg = Release|Any CPU
		{DF8A047C-5E98-4197-9337-E3E7F947DE50}.Release|Any CPU.Build.0 = Release|Any CPU
		{DF8A047C-5E98-4197-9337-E3E7F947DE50}.Release|ARM64.ActiveCfg = Release|Any CPU
		{DF8A047C-5E98-4197-9337-E3E7F947DE50}.Release|ARM64.Build.0 = Release|Any CPU
		{DF8A047C-5E98-4197-9337-E3E7F947DE50}.Release|x64.ActiveCfg = Release|Any CPU
		{DF8A047C-5E98-4197-9337-E3E7F947DE50}.Release|x64.Build.0 = Release|Any CPU
		{DF8A047C-5E98-4197-9337-E3E7F947DE50}.Release|x86.ActiveCfg = Release|Any CPU
		{DF8A047C-5E98-4197-9337-E3E7F947DE50}.Release|x86.Build.0 = Release|Any CPU
		{6C131786-5823-44A4-87A3-5AFE63D60718}.Debug|Any CPU.ActiveCfg = Debug|Any CPU
		{6C131786-5823-44A4-87A3-5AFE63D60718}.Debug|Any CPU.Build.0 = Debug|Any CPU
		{6C131786-5823-44A4-87A3-5AFE63D60718}.Debug|ARM64.ActiveCfg = Debug|Any CPU
		{6C131786-5823-44A4-87A3-5AFE63D60718}.Debug|ARM64.Build.0 = Debug|Any CPU
		{6C131786-5823-44A4-87A3-5AFE63D60718}.Debug|x64.ActiveCfg = Debug|Any CPU
		{6C131786-5823-44A4-87A3-5AFE63D60718}.Debug|x64.Build.0 = Debug|Any CPU
		{6C131786-5823-44A4-87A3-5AFE63D60718}.Debug|x86.ActiveCfg = Debug|Any CPU
		{6C131786-5823-44A4-87A3-5AFE63D60718}.Debug|x86.Build.0 = Debug|Any CPU
		{6C131786-5823-44A4-87A3-5AFE63D60718}.Release|Any CPU.ActiveCfg = Release|Any CPU
		{6C131786-5823-44A4-87A3-5AFE63D60718}.Release|Any CPU.Build.0 = Release|Any CPU
		{6C131786-5823-44A4-87A3-5AFE63D60718}.Release|ARM64.ActiveCfg = Release|Any CPU
		{6C131786-5823-44A4-87A3-5AFE63D60718}.Release|ARM64.Build.0 = Release|Any CPU
		{6C131786-5823-44A4-87A3-5AFE63D60718}.Release|x64.ActiveCfg = Release|Any CPU
		{6C131786-5823-44A4-87A3-5AFE63D60718}.Release|x64.Build.0 = Release|Any CPU
		{6C131786-5823-44A4-87A3-5AFE63D60718}.Release|x86.ActiveCfg = Release|Any CPU
		{6C131786-5823-44A4-87A3-5AFE63D60718}.Release|x86.Build.0 = Release|Any CPU
		{C2470D39-202A-47D2-A73C-4EE80EC05216}.Debug|Any CPU.ActiveCfg = Debug|Any CPU
		{C2470D39-202A-47D2-A73C-4EE80EC05216}.Debug|Any CPU.Build.0 = Debug|Any CPU
		{C2470D39-202A-47D2-A73C-4EE80EC05216}.Debug|ARM64.ActiveCfg = Debug|Any CPU
		{C2470D39-202A-47D2-A73C-4EE80EC05216}.Debug|ARM64.Build.0 = Debug|Any CPU
		{C2470D39-202A-47D2-A73C-4EE80EC05216}.Debug|x64.ActiveCfg = Debug|Any CPU
		{C2470D39-202A-47D2-A73C-4EE80EC05216}.Debug|x64.Build.0 = Debug|Any CPU
		{C2470D39-202A-47D2-A73C-4EE80EC05216}.Debug|x86.ActiveCfg = Debug|Any CPU
		{C2470D39-202A-47D2-A73C-4EE80EC05216}.Debug|x86.Build.0 = Debug|Any CPU
		{C2470D39-202A-47D2-A73C-4EE80EC05216}.Release|Any CPU.ActiveCfg = Release|Any CPU
		{C2470D39-202A-47D2-A73C-4EE80EC05216}.Release|Any CPU.Build.0 = Release|Any CPU
		{C2470D39-202A-47D2-A73C-4EE80EC05216}.Release|ARM64.ActiveCfg = Release|Any CPU
		{C2470D39-202A-47D2-A73C-4EE80EC05216}.Release|ARM64.Build.0 = Release|Any CPU
		{C2470D39-202A-47D2-A73C-4EE80EC05216}.Release|x64.ActiveCfg = Release|Any CPU
		{C2470D39-202A-47D2-A73C-4EE80EC05216}.Release|x64.Build.0 = Release|Any CPU
		{C2470D39-202A-47D2-A73C-4EE80EC05216}.Release|x86.ActiveCfg = Release|Any CPU
		{C2470D39-202A-47D2-A73C-4EE80EC05216}.Release|x86.Build.0 = Release|Any CPU
		{00486075-BD7E-4703-B3AB-03487F2EEE08}.Debug|Any CPU.ActiveCfg = Debug|Any CPU
		{00486075-BD7E-4703-B3AB-03487F2EEE08}.Debug|Any CPU.Build.0 = Debug|Any CPU
		{00486075-BD7E-4703-B3AB-03487F2EEE08}.Debug|ARM64.ActiveCfg = Debug|Any CPU
		{00486075-BD7E-4703-B3AB-03487F2EEE08}.Debug|ARM64.Build.0 = Debug|Any CPU
		{00486075-BD7E-4703-B3AB-03487F2EEE08}.Debug|x64.ActiveCfg = Debug|Any CPU
		{00486075-BD7E-4703-B3AB-03487F2EEE08}.Debug|x64.Build.0 = Debug|Any CPU
		{00486075-BD7E-4703-B3AB-03487F2EEE08}.Debug|x86.ActiveCfg = Debug|Any CPU
		{00486075-BD7E-4703-B3AB-03487F2EEE08}.Debug|x86.Build.0 = Debug|Any CPU
		{00486075-BD7E-4703-B3AB-03487F2EEE08}.Release|Any CPU.ActiveCfg = Release|Any CPU
		{00486075-BD7E-4703-B3AB-03487F2EEE08}.Release|Any CPU.Build.0 = Release|Any CPU
		{00486075-BD7E-4703-B3AB-03487F2EEE08}.Release|ARM64.ActiveCfg = Release|Any CPU
		{00486075-BD7E-4703-B3AB-03487F2EEE08}.Release|ARM64.Build.0 = Release|Any CPU
		{00486075-BD7E-4703-B3AB-03487F2EEE08}.Release|x64.ActiveCfg = Release|Any CPU
		{00486075-BD7E-4703-B3AB-03487F2EEE08}.Release|x64.Build.0 = Release|Any CPU
		{00486075-BD7E-4703-B3AB-03487F2EEE08}.Release|x86.ActiveCfg = Release|Any CPU
		{00486075-BD7E-4703-B3AB-03487F2EEE08}.Release|x86.Build.0 = Release|Any CPU
		{69830B83-A1CA-448C-8836-91DACC4C676D}.Debug|Any CPU.ActiveCfg = Debug|Any CPU
		{69830B83-A1CA-448C-8836-91DACC4C676D}.Debug|Any CPU.Build.0 = Debug|Any CPU
		{69830B83-A1CA-448C-8836-91DACC4C676D}.Debug|ARM64.ActiveCfg = Debug|Any CPU
		{69830B83-A1CA-448C-8836-91DACC4C676D}.Debug|ARM64.Build.0 = Debug|Any CPU
		{69830B83-A1CA-448C-8836-91DACC4C676D}.Debug|x64.ActiveCfg = Debug|Any CPU
		{69830B83-A1CA-448C-8836-91DACC4C676D}.Debug|x64.Build.0 = Debug|Any CPU
		{69830B83-A1CA-448C-8836-91DACC4C676D}.Debug|x86.ActiveCfg = Debug|Any CPU
		{69830B83-A1CA-448C-8836-91DACC4C676D}.Debug|x86.Build.0 = Debug|Any CPU
		{69830B83-A1CA-448C-8836-91DACC4C676D}.Release|Any CPU.ActiveCfg = Release|Any CPU
		{69830B83-A1CA-448C-8836-91DACC4C676D}.Release|Any CPU.Build.0 = Release|Any CPU
		{69830B83-A1CA-448C-8836-91DACC4C676D}.Release|ARM64.ActiveCfg = Release|Any CPU
		{69830B83-A1CA-448C-8836-91DACC4C676D}.Release|ARM64.Build.0 = Release|Any CPU
		{69830B83-A1CA-448C-8836-91DACC4C676D}.Release|x64.ActiveCfg = Release|Any CPU
		{69830B83-A1CA-448C-8836-91DACC4C676D}.Release|x64.Build.0 = Release|Any CPU
		{69830B83-A1CA-448C-8836-91DACC4C676D}.Release|x86.ActiveCfg = Release|Any CPU
		{69830B83-A1CA-448C-8836-91DACC4C676D}.Release|x86.Build.0 = Release|Any CPU
		{25D1D2E8-429E-4FC3-AD5D-E2E48E9DE265}.Debug|Any CPU.ActiveCfg = Debug|Any CPU
		{25D1D2E8-429E-4FC3-AD5D-E2E48E9DE265}.Debug|Any CPU.Build.0 = Debug|Any CPU
		{25D1D2E8-429E-4FC3-AD5D-E2E48E9DE265}.Debug|ARM64.ActiveCfg = Debug|Any CPU
		{25D1D2E8-429E-4FC3-AD5D-E2E48E9DE265}.Debug|ARM64.Build.0 = Debug|Any CPU
		{25D1D2E8-429E-4FC3-AD5D-E2E48E9DE265}.Debug|x64.ActiveCfg = Debug|Any CPU
		{25D1D2E8-429E-4FC3-AD5D-E2E48E9DE265}.Debug|x64.Build.0 = Debug|Any CPU
		{25D1D2E8-429E-4FC3-AD5D-E2E48E9DE265}.Debug|x86.ActiveCfg = Debug|Any CPU
		{25D1D2E8-429E-4FC3-AD5D-E2E48E9DE265}.Debug|x86.Build.0 = Debug|Any CPU
		{25D1D2E8-429E-4FC3-AD5D-E2E48E9DE265}.Release|Any CPU.ActiveCfg = Release|Any CPU
		{25D1D2E8-429E-4FC3-AD5D-E2E48E9DE265}.Release|Any CPU.Build.0 = Release|Any CPU
		{25D1D2E8-429E-4FC3-AD5D-E2E48E9DE265}.Release|ARM64.ActiveCfg = Release|Any CPU
		{25D1D2E8-429E-4FC3-AD5D-E2E48E9DE265}.Release|ARM64.Build.0 = Release|Any CPU
		{25D1D2E8-429E-4FC3-AD5D-E2E48E9DE265}.Release|x64.ActiveCfg = Release|Any CPU
		{25D1D2E8-429E-4FC3-AD5D-E2E48E9DE265}.Release|x64.Build.0 = Release|Any CPU
		{25D1D2E8-429E-4FC3-AD5D-E2E48E9DE265}.Release|x86.ActiveCfg = Release|Any CPU
		{25D1D2E8-429E-4FC3-AD5D-E2E48E9DE265}.Release|x86.Build.0 = Release|Any CPU
		{EFD2F889-278D-4DD1-81A3-AC755446B9F9}.Debug|Any CPU.ActiveCfg = Debug|Any CPU
		{EFD2F889-278D-4DD1-81A3-AC755446B9F9}.Debug|Any CPU.Build.0 = Debug|Any CPU
		{EFD2F889-278D-4DD1-81A3-AC755446B9F9}.Debug|ARM64.ActiveCfg = Debug|Any CPU
		{EFD2F889-278D-4DD1-81A3-AC755446B9F9}.Debug|ARM64.Build.0 = Debug|Any CPU
		{EFD2F889-278D-4DD1-81A3-AC755446B9F9}.Debug|x64.ActiveCfg = Debug|Any CPU
		{EFD2F889-278D-4DD1-81A3-AC755446B9F9}.Debug|x64.Build.0 = Debug|Any CPU
		{EFD2F889-278D-4DD1-81A3-AC755446B9F9}.Debug|x86.ActiveCfg = Debug|Any CPU
		{EFD2F889-278D-4DD1-81A3-AC755446B9F9}.Debug|x86.Build.0 = Debug|Any CPU
		{EFD2F889-278D-4DD1-81A3-AC755446B9F9}.Release|Any CPU.ActiveCfg = Release|Any CPU
		{EFD2F889-278D-4DD1-81A3-AC755446B9F9}.Release|Any CPU.Build.0 = Release|Any CPU
		{EFD2F889-278D-4DD1-81A3-AC755446B9F9}.Release|ARM64.ActiveCfg = Release|Any CPU
		{EFD2F889-278D-4DD1-81A3-AC755446B9F9}.Release|ARM64.Build.0 = Release|Any CPU
		{EFD2F889-278D-4DD1-81A3-AC755446B9F9}.Release|x64.ActiveCfg = Release|Any CPU
		{EFD2F889-278D-4DD1-81A3-AC755446B9F9}.Release|x64.Build.0 = Release|Any CPU
		{EFD2F889-278D-4DD1-81A3-AC755446B9F9}.Release|x86.ActiveCfg = Release|Any CPU
		{EFD2F889-278D-4DD1-81A3-AC755446B9F9}.Release|x86.Build.0 = Release|Any CPU
	EndGlobalSection
	GlobalSection(SolutionProperties) = preSolution
		HideSolutionNode = FALSE
	EndGlobalSection
	GlobalSection(ExtensibilityGlobals) = postSolution
		SolutionGuid = {48AE80ED-2FD8-4120-9060-0ED3086FF5EB}
	EndGlobalSection
EndGlobal
